
Microsoft Visual Studio Solution File, Format Version 12.00
# Visual Studio Version 16
VisualStudioVersion = 16.0.28922.388
MinimumVisualStudioVersion = 10.0.40219.1
Project("{FAE04EC0-301F-11D3-BF4B-00C04F79EFBC}") = "EContact", "EContact\EContact.csproj", "{2A37DE48-007C-4B09-B40A-C55A9F3EC8DB}"
EndProject
Global
	GlobalSection(SolutionConfigurationPlatforms) = preSolution
		Debug|Any CPU = Debug|Any CPU
		Release|Any CPU = Release|Any CPU
	EndGlobalSection
	GlobalSection(ProjectConfigurationPlatforms) = postSolution
		{2A37DE48-007C-4B09-B40A-C55A9F3EC8DB}.Debug|Any CPU.ActiveCfg = Debug|Any CPU
		{2A37DE48-007C-4B09-B40A-C55A9F3EC8DB}.Debug|Any CPU.Build.0 = Debug|Any CPU
		{2A37DE48-007C-4B09-B40A-C55A9F3EC8DB}.Release|Any CPU.ActiveCfg = Release|Any CPU
		{2A37DE48-007C-4B09-B40A-C55A9F3EC8DB}.Release|Any CPU.Build.0 = Release|Any CPU
	EndGlobalSection
	GlobalSection(SolutionProperties) = preSolution
		HideSolutionNode = FALSE
	EndGlobalSection
	GlobalSection(ExtensibilityGlobals) = postSolution
		SolutionGuid = {6909629D-3054-40CD-B075-A24A5E948680}
	EndGlobalSection
EndGlobal
